// !$*UTF8*$!
{
	archiveVersion = 1;
	classes = {
	};
	objectVersion = 50;
	objects = {

/* Begin PBXBuildFile section */
		8619280A248C032F00C6CF88 /* MainViewController.swift in Sources */ = {isa = PBXBuildFile; fileRef = 86192809248C032F00C6CF88 /* MainViewController.swift */; };
		865E075024781A7500ECE8BD /* AppDelegate.swift in Sources */ = {isa = PBXBuildFile; fileRef = 865E074F24781A7500ECE8BD /* AppDelegate.swift */; };
		865E075224781A7500ECE8BD /* SceneDelegate.swift in Sources */ = {isa = PBXBuildFile; fileRef = 865E075124781A7500ECE8BD /* SceneDelegate.swift */; };
		865E075424781A7500ECE8BD /* SetupViewController.swift in Sources */ = {isa = PBXBuildFile; fileRef = 865E075324781A7500ECE8BD /* SetupViewController.swift */; };
		865E075724781A7500ECE8BD /* Main.storyboard in Resources */ = {isa = PBXBuildFile; fileRef = 865E075524781A7500ECE8BD /* Main.storyboard */; };
		865E075924781A7600ECE8BD /* Assets.xcassets in Resources */ = {isa = PBXBuildFile; fileRef = 865E075824781A7600ECE8BD /* Assets.xcassets */; };
		865E075C24781A7600ECE8BD /* LaunchScreen.storyboard in Resources */ = {isa = PBXBuildFile; fileRef = 865E075A24781A7600ECE8BD /* LaunchScreen.storyboard */; };
/* End PBXBuildFile section */

/* Begin PBXFileReference section */
		86192809248C032F00C6CF88 /* MainViewController.swift */ = {isa = PBXFileReference; lastKnownFileType = sourcecode.swift; path = MainViewController.swift; sourceTree = "<group>"; };
		865E074C24781A7500ECE8BD /* RGB.app */ = {isa = PBXFileReference; explicitFileType = wrapper.application; includeInIndex = 0; path = RGB.app; sourceTree = BUILT_PRODUCTS_DIR; };
		865E074F24781A7500ECE8BD /* AppDelegate.swift */ = {isa = PBXFileReference; lastKnownFileType = sourcecode.swift; path = AppDelegate.swift; sourceTree = "<group>"; };
		865E075124781A7500ECE8BD /* SceneDelegate.swift */ = {isa = PBXFileReference; lastKnownFileType = sourcecode.swift; path = SceneDelegate.swift; sourceTree = "<group>"; };
		865E075324781A7500ECE8BD /* SetupViewController.swift */ = {isa = PBXFileReference; lastKnownFileType = sourcecode.swift; path = SetupViewController.swift; sourceTree = "<group>"; };
		865E075624781A7500ECE8BD /* Base */ = {isa = PBXFileReference; lastKnownFileType = file.storyboard; name = Base; path = Base.lproj/Main.storyboard; sourceTree = "<group>"; };
		865E075824781A7600ECE8BD /* Assets.xcassets */ = {isa = PBXFileReference; lastKnownFileType = folder.assetcatalog; path = Assets.xcassets; sourceTree = "<group>"; };
		865E075B24781A7600ECE8BD /* Base */ = {isa = PBXFileReference; lastKnownFileType = file.storyboard; name = Base; path = Base.lproj/LaunchScreen.storyboard; sourceTree = "<group>"; };
		865E075D24781A7600ECE8BD /* Info.plist */ = {isa = PBXFileReference; lastKnownFileType = text.plist.xml; path = Info.plist; sourceTree = "<group>"; };
/* End PBXFileReference section */

/* Begin PBXFrameworksBuildPhase section */
		865E074924781A7500ECE8BD /* Frameworks */ = {
			isa = PBXFrameworksBuildPhase;
			buildActionMask = 2147483647;
			files = (
			);
			runOnlyForDeploymentPostprocessing = 0;
		};
/* End PBXFrameworksBuildPhase section */

/* Begin PBXGroup section */
		8619280B248C03B400C6CF88 /* ViewControllers */ = {
			isa = PBXGroup;
			children = (
				865E075324781A7500ECE8BD /* SetupViewController.swift */,
				86192809248C032F00C6CF88 /* MainViewController.swift */,
			);
			path = ViewControllers;
			sourceTree = "<group>";
		};
		8619280C248C03CC00C6CF88 /* Storyboards */ = {
			isa = PBXGroup;
			children = (
				865E075524781A7500ECE8BD /* Main.storyboard */,
				865E075A24781A7600ECE8BD /* LaunchScreen.storyboard */,
			);
			path = Storyboards;
			sourceTree = "<group>";
		};
		8619280D248C042C00C6CF88 /* SupportingFiles */ = {
			isa = PBXGroup;
			children = (
				865E074F24781A7500ECE8BD /* AppDelegate.swift */,
				865E075124781A7500ECE8BD /* SceneDelegate.swift */,
				865E075D24781A7600ECE8BD /* Info.plist */,
			);
			path = SupportingFiles;
			sourceTree = "<group>";
		};
		8619280E248C04B800C6CF88 /* Sources */ = {
			isa = PBXGroup;
			children = (
				865E075824781A7600ECE8BD /* Assets.xcassets */,
			);
			path = Sources;
			sourceTree = "<group>";
		};
		865E074324781A7500ECE8BD = {
			isa = PBXGroup;
			children = (
				865E074E24781A7500ECE8BD /* RGB HW2 */,
				865E074D24781A7500ECE8BD /* Products */,
			);
			sourceTree = "<group>";
		};
		865E074D24781A7500ECE8BD /* Products */ = {
			isa = PBXGroup;
			children = (
				865E074C24781A7500ECE8BD /* RGB.app */,
			);
			name = Products;
			sourceTree = "<group>";
		};
		865E074E24781A7500ECE8BD /* RGB HW2 */ = {
			isa = PBXGroup;
			children = (
				8619280D248C042C00C6CF88 /* SupportingFiles */,
				8619280B248C03B400C6CF88 /* ViewControllers */,
				8619280C248C03CC00C6CF88 /* Storyboards */,
				8619280E248C04B800C6CF88 /* Sources */,
			);
			path = "RGB HW2";
			sourceTree = "<group>";
		};
/* End PBXGroup section */

/* Begin PBXNativeTarget section */
		865E074B24781A7500ECE8BD /* RGB HW2 */ = {
			isa = PBXNativeTarget;
			buildConfigurationList = 865E076024781A7600ECE8BD /* Build configuration list for PBXNativeTarget "RGB HW2" */;
			buildPhases = (
				865E074824781A7500ECE8BD /* Sources */,
				865E074924781A7500ECE8BD /* Frameworks */,
				865E074A24781A7500ECE8BD /* Resources */,
			);
			buildRules = (
			);
			dependencies = (
			);
			name = "RGB HW2";
			productName = "RGB HW2";
			productReference = 865E074C24781A7500ECE8BD /* RGB.app */;
			productType = "com.apple.product-type.application";
		};
/* End PBXNativeTarget section */

/* Begin PBXProject section */
		865E074424781A7500ECE8BD /* Project object */ = {
			isa = PBXProject;
			attributes = {
				LastSwiftUpdateCheck = 1140;
				LastUpgradeCheck = 1140;
				ORGANIZATIONNAME = "Vladislav Cheremisov";
				TargetAttributes = {
					865E074B24781A7500ECE8BD = {
						CreatedOnToolsVersion = 11.4.1;
					};
				};
			};
			buildConfigurationList = 865E074724781A7500ECE8BD /* Build configuration list for PBXProject "RGB HW2" */;
			compatibilityVersion = "Xcode 9.3";
			developmentRegion = en;
			hasScannedForEncodings = 0;
			knownRegions = (
				en,
				Base,
			);
			mainGroup = 865E074324781A7500ECE8BD;
			productRefGroup = 865E074D24781A7500ECE8BD /* Products */;
			projectDirPath = "";
			projectRoot = "";
			targets = (
				865E074B24781A7500ECE8BD /* RGB HW2 */,
			);
		};
/* End PBXProject section */

/* Begin PBXResourcesBuildPhase section */
		865E074A24781A7500ECE8BD /* Resources */ = {
			isa = PBXResourcesBuildPhase;
			buildActionMask = 2147483647;
			files = (
				865E075C24781A7600ECE8BD /* LaunchScreen.storyboard in Resources */,
				865E075924781A7600ECE8BD /* Assets.xcassets in Resources */,
				865E075724781A7500ECE8BD /* Main.storyboard in Resources */,
			);
			runOnlyForDeploymentPostprocessing = 0;
		};
/* End PBXResourcesBuildPhase section */

/* Begin PBXSourcesBuildPhase section */
		865E074824781A7500ECE8BD /* Sources */ = {
			isa = PBXSourcesBuildPhase;
			buildActionMask = 2147483647;
			files = (
				865E075424781A7500ECE8BD /* SetupViewController.swift in Sources */,
				865E075024781A7500ECE8BD /* AppDelegate.swift in Sources */,
				865E075224781A7500ECE8BD /* SceneDelegate.swift in Sources */,
				8619280A248C032F00C6CF88 /* MainViewController.swift in Sources */,
			);
			runOnlyForDeploymentPostprocessing = 0;
		};
/* End PBXSourcesBuildPhase section */

/* Begin PBXVariantGroup section */
		865E075524781A7500ECE8BD /* Main.storyboard */ = {
			isa = PBXVariantGroup;
			children = (
				865E075624781A7500ECE8BD /* Base */,
			);
			name = Main.storyboard;
			sourceTree = "<group>";
		};
		865E075A24781A7600ECE8BD /* LaunchScreen.storyboard */ = {
			isa = PBXVariantGroup;
			children = (
				865E075B24781A7600ECE8BD /* Base */,
			);
			name = LaunchScreen.storyboard;
			sourceTree = "<group>";
		};
/* End PBXVariantGroup section */

/* Begin XCBuildConfiguration section */
		865E075E24781A7600ECE8BD /* Debug */ = {
			isa = XCBuildConfiguration;
			buildSettings = {
				ALWAYS_SEARCH_USER_PATHS = NO;
				CLANG_ANALYZER_NONNULL = YES;
				CLANG_ANALYZER_NUMBER_OBJECT_CONVERSION = YES_AGGRESSIVE;
				CLANG_CXX_LANGUAGE_STANDARD = "gnu++14";
				CLANG_CXX_LIBRARY = "libc++";
				CLANG_ENABLE_MODULES = YES;
				CLANG_ENABLE_OBJC_ARC = YES;
				CLANG_ENABLE_OBJC_WEAK = YES;
				CLANG_WARN_BLOCK_CAPTURE_AUTORELEASING = YES;
				CLANG_WARN_BOOL_CONVERSION = YES;
				CLANG_WARN_COMMA = YES;
				CLANG_WARN_CONSTANT_CONVERSION = YES;
				CLANG_WARN_DEPRECATED_OBJC_IMPLEMENTATIONS = YES;
				CLANG_WARN_DIRECT_OBJC_ISA_USAGE = YES_ERROR;
				CLANG_WARN_DOCUMENTATION_COMMENTS = YES;
				CLANG_WARN_EMPTY_BODY = YES;
				CLANG_WARN_ENUM_CONVERSION = YES;
				CLANG_WARN_INFINITE_RECURSION = YES;
				CLANG_WARN_INT_CONVERSION = YES;
				CLANG_WARN_NON_LITERAL_NULL_CONVERSION = YES;
				CLANG_WARN_OBJC_IMPLICIT_RETAIN_SELF = YES;
				CLANG_WARN_OBJC_LITERAL_CONVERSION = YES;
				CLANG_WARN_OBJC_ROOT_CLASS = YES_ERROR;
				CLANG_WARN_RANGE_LOOP_ANALYSIS = YES;
				CLANG_WARN_STRICT_PROTOTYPES = YES;
				CLANG_WARN_SUSPICIOUS_MOVE = YES;
				CLANG_WARN_UNGUARDED_AVAILABILITY = YES_AGGRESSIVE;
				CLANG_WARN_UNREACHABLE_CODE = YES;
				CLANG_WARN__DUPLICATE_METHOD_MATCH = YES;
				COPY_PHASE_STRIP = NO;
				DEBUG_INFORMATION_FORMAT = dwarf;
				ENABLE_STRICT_OBJC_MSGSEND = YES;
				ENABLE_TESTABILITY = YES;
				GCC_C_LANGUAGE_STANDARD = gnu11;
				GCC_DYNAMIC_NO_PIC = NO;
				GCC_NO_COMMON_BLOCKS = YES;
				GCC_OPTIMIZATION_LEVEL = 0;
				GCC_PREPROCESSOR_DEFINITIONS = (
					"DEBUG=1",
					"$(inherited)",
				);
				GCC_WARN_64_TO_32_BIT_CONVERSION = YES;
				GCC_WARN_ABOUT_RETURN_TYPE = YES_ERROR;
				GCC_WARN_UNDECLARED_SELECTOR = YES;
				GCC_WARN_UNINITIALIZED_AUTOS = YES_AGGRESSIVE;
				GCC_WARN_UNUSED_FUNCTION = YES;
				GCC_WARN_UNUSED_VARIABLE = YES;
				IPHONEOS_DEPLOYMENT_TARGET = 13.4;
				MTL_ENABLE_DEBUG_INFO = INCLUDE_SOURCE;
				MTL_FAST_MATH = YES;
				ONLY_ACTIVE_ARCH = YES;
				SDKROOT = iphoneos;
				SWIFT_ACTIVE_COMPILATION_CONDITIONS = DEBUG;
				SWIFT_OPTIMIZATION_LEVEL = "-Onone";
			};
			name = Debug;
		};
		865E075F24781A7600ECE8BD /* Release */ = {
			isa = XCBuildConfiguration;
			buildSettings = {
				ALWAYS_SEARCH_USER_PATHS = NO;
				CLANG_ANALYZER_NONNULL = YES;
				CLANG_ANALYZER_NUMBER_OBJECT_CONVERSION = YES_AGGRESSIVE;
				CLANG_CXX_LANGUAGE_STANDARD = "gnu++14";
				CLANG_CXX_LIBRARY = "libc++";
				CLANG_ENABLE_MODULES = YES;
				CLANG_ENABLE_OBJC_ARC = YES;
				CLANG_ENABLE_OBJC_WEAK = YES;
				CLANG_WARN_BLOCK_CAPTURE_AUTORELEASING = YES;
				CLANG_WARN_BOOL_CONVERSION = YES;
				CLANG_WARN_COMMA = YES;
				CLANG_WARN_CONSTANT_CONVERSION = YES;
				CLANG_WARN_DEPRECATED_OBJC_IMPLEMENTATIONS = YES;
				CLANG_WARN_DIRECT_OBJC_ISA_USAGE = YES_ERROR;
				CLANG_WARN_DOCUMENTATION_COMMENTS = YES;
				CLANG_WARN_EMPTY_BODY = YES;
				CLANG_WARN_ENUM_CONVERSION = YES;
				CLANG_WARN_INFINITE_RECURSION = YES;
				CLANG_WARN_INT_CONVERSION = YES;
				CLANG_WARN_NON_LITERAL_NULL_CONVERSION = YES;
				CLANG_WARN_OBJC_IMPLICIT_RETAIN_SELF = YES;
				CLANG_WARN_OBJC_LITERAL_CONVERSION = YES;
				CLANG_WARN_OBJC_ROOT_CLASS = YES_ERROR;
				CLANG_WARN_RANGE_LOOP_ANALYSIS = YES;
				CLANG_WARN_STRICT_PROTOTYPES = YES;
				CLANG_WARN_SUSPICIOUS_MOVE = YES;
				CLANG_WARN_UNGUARDED_AVAILABILITY = YES_AGGRESSIVE;
				CLANG_WARN_UNREACHABLE_CODE = YES;
				CLANG_WARN__DUPLICATE_METHOD_MATCH = YES;
				COPY_PHASE_STRIP = NO;
				DEBUG_INFORMATION_FORMAT = "dwarf-with-dsym";
				ENABLE_NS_ASSERTIONS = NO;
				ENABLE_STRICT_OBJC_MSGSEND = YES;
				GCC_C_LANGUAGE_STANDARD = gnu11;
				GCC_NO_COMMON_BLOCKS = YES;
				GCC_WARN_64_TO_32_BIT_CONVERSION = YES;
				GCC_WARN_ABOUT_RETURN_TYPE = YES_ERROR;
				GCC_WARN_UNDECLARED_SELECTOR = YES;
				GCC_WARN_UNINITIALIZED_AUTOS = YES_AGGRESSIVE;
				GCC_WARN_UNUSED_FUNCTION = YES;
				GCC_WARN_UNUSED_VARIABLE = YES;
				IPHONEOS_DEPLOYMENT_TARGET = 13.4;
				MTL_ENABLE_DEBUG_INFO = NO;
				MTL_FAST_MATH = YES;
				SDKROOT = iphoneos;
				SWIFT_COMPILATION_MODE = wholemodule;
				SWIFT_OPTIMIZATION_LEVEL = "-O";
				VALIDATE_PRODUCT = YES;
			};
			name = Release;
		};
		865E076124781A7600ECE8BD /* Debug */ = {
			isa = XCBuildConfiguration;
			buildSettings = {
				ASSETCATALOG_COMPILER_APPICON_NAME = AppIcon;
				CODE_SIGN_STYLE = Automatic;
				DEVELOPMENT_TEAM = D28YKYJC2T;
				INFOPLIST_FILE = "RGB HW2/SupportingFiles/Info.plist";
				LD_RUNPATH_SEARCH_PATHS = (
					"$(inherited)",
					"@executable_path/Frameworks",
				);
				PRODUCT_BUNDLE_IDENTIFIER = "ru.vladislavcheremisov.RGB-HW2";
				PRODUCT_NAME = RGB;
				SWIFT_VERSION = 5.0;
				TARGETED_DEVICE_FAMILY = "1,2";
			};
			name = Debug;
		};
		865E076224781A7600ECE8BD /* Release */ = {
			isa = XCBuildConfiguration;
			buildSettings = {
				ASSETCATALOG_COMPILER_APPICON_NAME = AppIcon;
				CODE_SIGN_STYLE = Automatic;
				DEVELOPMENT_TEAM = D28YKYJC2T;
				INFOPLIST_FILE = "RGB HW2/SupportingFiles/Info.plist";
				LD_RUNPATH_SEARCH_PATHS = (
					"$(inherited)",
					"@executable_path/Frameworks",
				);
				PRODUCT_BUNDLE_IDENTIFIER = "ru.vladislavcheremisov.RGB-HW2";
				PRODUCT_NAME = RGB;
				SWIFT_VERSION = 5.0;
				TARGETED_DEVICE_FAMILY = "1,2";
			};
			name = Release;
		};
/* End XCBuildConfiguration section */

/* Begin XCConfigurationList section */
		865E074724781A7500ECE8BD /* Build configuration list for PBXProject "RGB HW2" */ = {
			isa = XCConfigurationList;
			buildConfigurations = (
				865E075E24781A7600ECE8BD /* Debug */,
				865E075F24781A7600ECE8BD /* Release */,
			);
			defaultConfigurationIsVisible = 0;
			defaultConfigurationName = Release;
		};
		865E076024781A7600ECE8BD /* Build configuration list for PBXNativeTarget "RGB HW2" */ = {
			isa = XCConfigurationList;
			buildConfigurations = (
				865E076124781A7600ECE8BD /* Debug */,
				865E076224781A7600ECE8BD /* Release */,
			);
			defaultConfigurationIsVisible = 0;
			defaultConfigurationName = Release;
		};
/* End XCConfigurationList section */
	};
	rootObject = 865E074424781A7500ECE8BD /* Project object */;
}
